
Microsoft Visual Studio Solution File, Format Version 12.00
# Visual Studio Version 16
VisualStudioVersion = 16.0.29519.87
MinimumVisualStudioVersion = 10.0.40219.1
Project("{9A19103F-16F7-4668-BE54-9A1E7A4F7556}") = "MrgInfo.AdoQuery.Core", "MrgInfo.AdoQuery.Core\MrgInfo.AdoQuery.Core.csproj", "{57D09E45-6B27-4769-8128-D4188D06BC60}"
EndProject
Project("{9A19103F-16F7-4668-BE54-9A1E7A4F7556}") = "MrgInfo.AdoQuery.Oracle", "MrgInfo.AdoQuery.Oracle\MrgInfo.AdoQuery.Oracle.csproj", "{4315BCFE-A021-40B0-9AB7-0F457711F466}"
EndProject
Project("{9A19103F-16F7-4668-BE54-9A1E7A4F7556}") = "MrgInfo.AdoQuery.Sql", "MrgInfo.AdoQuery.Sql\MrgInfo.AdoQuery.Sql.csproj", "{D4CD7894-DB57-46BB-95E2-9F4277121173}"
EndProject
Project("{9A19103F-16F7-4668-BE54-9A1E7A4F7556}") = "MrgInfo.AdoQuery.Test", "MrgInfo.AdoQuery.Test\MrgInfo.AdoQuery.Test.csproj", "{74E35FE4-A4EE-47D9-BC48-3CCAC45A0892}"
EndProject
Project("{2150E333-8FDC-42A3-9474-1A3956D46DE8}") = "Solution Items", "Solution Items", "{3C42FF6C-AA2B-4AF0-9B69-C243EC6D85C2}"
	ProjectSection(SolutionItems) = preProject
		.gitignore = .gitignore
		azure-pipelines.yml = azure-pipelines.yml
		LICENSE = LICENSE
		microsoft.sql = microsoft.sql
		oracle.sql = oracle.sql
		README.md = README.md
	EndProjectSection
EndProject
Project("{9A19103F-16F7-4668-BE54-9A1E7A4F7556}") = "MrgInfo.AdoQuery.App", "MrgInfo.AdoQuery.App\MrgInfo.AdoQuery.App.csproj", "{240C2A40-55A0-4CE6-AAB8-47FC4CA88C8E}"
EndProject
Global
	GlobalSection(SolutionConfigurationPlatforms) = preSolution
		Debug|Any CPU = Debug|Any CPU
		Release|Any CPU = Release|Any CPU
		Description = Run safe and effective ADO .NET SQL queries.
	EndGlobalSection
	GlobalSection(ProjectConfigurationPlatforms) = postSolution
		{57D09E45-6B27-4769-8128-D4188D06BC60}.Debug|Any CPU.ActiveCfg = Debug|Any CPU
		{57D09E45-6B27-4769-8128-D4188D06BC60}.Debug|Any CPU.Build.0 = Debug|Any CPU
		{57D09E45-6B27-4769-8128-D4188D06BC60}.Release|Any CPU.ActiveCfg = Release|Any CPU
		{57D09E45-6B27-4769-8128-D4188D06BC60}.Release|Any CPU.Build.0 = Release|Any CPU
		{4315BCFE-A021-40B0-9AB7-0F457711F466}.Debug|Any CPU.ActiveCfg = Debug|Any CPU
		{4315BCFE-A021-40B0-9AB7-0F457711F466}.Debug|Any CPU.Build.0 = Debug|Any CPU
		{4315BCFE-A021-40B0-9AB7-0F457711F466}.Release|Any CPU.ActiveCfg = Release|Any CPU
		{4315BCFE-A021-40B0-9AB7-0F457711F466}.Release|Any CPU.Build.0 = Release|Any CPU
		{D4CD7894-DB57-46BB-95E2-9F4277121173}.Debug|Any CPU.ActiveCfg = Debug|Any CPU
		{D4CD7894-DB57-46BB-95E2-9F4277121173}.Debug|Any CPU.Build.0 = Debug|Any CPU
		{D4CD7894-DB57-46BB-95E2-9F4277121173}.Release|Any CPU.ActiveCfg = Release|Any CPU
		{D4CD7894-DB57-46BB-95E2-9F4277121173}.Release|Any CPU.Build.0 = Release|Any CPU
		{74E35FE4-A4EE-47D9-BC48-3CCAC45A0892}.Debug|Any CPU.ActiveCfg = Debug|Any CPU
		{74E35FE4-A4EE-47D9-BC48-3CCAC45A0892}.Debug|Any CPU.Build.0 = Debug|Any CPU
		{74E35FE4-A4EE-47D9-BC48-3CCAC45A0892}.Release|Any CPU.ActiveCfg = Release|Any CPU
		{74E35FE4-A4EE-47D9-BC48-3CCAC45A0892}.Release|Any CPU.Build.0 = Release|Any CPU
		{240C2A40-55A0-4CE6-AAB8-47FC4CA88C8E}.Debug|Any CPU.ActiveCfg = Debug|Any CPU
		{240C2A40-55A0-4CE6-AAB8-47FC4CA88C8E}.Debug|Any CPU.Build.0 = Debug|Any CPU
		{240C2A40-55A0-4CE6-AAB8-47FC4CA88C8E}.Release|Any CPU.ActiveCfg = Release|Any CPU
		{240C2A40-55A0-4CE6-AAB8-47FC4CA88C8E}.Release|Any CPU.Build.0 = Release|Any CPU
	EndGlobalSection
	GlobalSection(SolutionProperties) = preSolution
		HideSolutionNode = FALSE
	EndGlobalSection
	GlobalSection(ExtensibilityGlobals) = postSolution
		SolutionGuid = {AA2253B3-3B45-44A2-9AB5-166D16F0BBF9}
	EndGlobalSection
EndGlobal
